
Microsoft Visual Studio Solution File, Format Version 12.00
# Visual Studio Version 18
VisualStudioVersion = 18.6.11806.211 stable
MinimumVisualStudioVersion = 10.0.40219.1
Project("{FAE04EC0-301F-11D3-BF4B-00C04F79EFBC}") = "UPN_CentroMedico", "UPN_CentroMedico.csproj", "{B9446AD2-B619-4CB4-A37E-19FE48B9E127}"
EndProject
Global
	GlobalSection(SolutionConfigurationPlatforms) = preSolution
		Debug|Any CPU = Debug|Any CPU
		Release|Any CPU = Release|Any CPU
	EndGlobalSection
	GlobalSection(ProjectConfigurationPlatforms) = postSolution
		{B9446AD2-B619-4CB4-A37E-19FE48B9E127}.Debug|Any CPU.ActiveCfg = Debug|Any CPU
		{B9446AD2-B619-4CB4-A37E-19FE48B9E127}.Debug|Any CPU.Build.0 = Debug|Any CPU
		{B9446AD2-B619-4CB4-A37E-19FE48B9E127}.Release|Any CPU.ActiveCfg = Release|Any CPU
		{B9446AD2-B619-4CB4-A37E-19FE48B9E127}.Release|Any CPU.Build.0 = Release|Any CPU
	EndGlobalSection
	GlobalSection(SolutionProperties) = preSolution
		HideSolutionNode = FALSE
	EndGlobalSection
	GlobalSection(ExtensibilityGlobals) = postSolution
		SolutionGuid = {D13EF217-DDA3-4B70-9DB9-1549D9F81395}
	EndGlobalSection
EndGlobal
